
Microsoft Visual Studio Solution File, Format Version 12.00
# Visual Studio Version 17
VisualStudioVersion = 17.5.33516.290
MinimumVisualStudioVersion = 10.0.40219.1
Project("{9A19103F-16F7-4668-BE54-9A1E7A4F7556}") = "ITExpertsEraAugust2023", "ITExpertsEraAugust2023\ITExpertsEraAugust2023.csproj", "{D6412EEE-7E22-4422-8053-A85FCB07675C}"
EndProject
Project("{FAE04EC0-301F-11D3-BF4B-00C04F79EFBC}") = "ConsoleApp2", "ConsoleApp2\ConsoleApp2.csproj", "{CF3E5266-F375-457F-8AEE-D5513E9BA250}"
EndProject
Global
	GlobalSection(SolutionConfigurationPlatforms) = preSolution
		Debug|Any CPU = Debug|Any CPU
		Release|Any CPU = Release|Any CPU
	EndGlobalSection
	GlobalSection(ProjectConfigurationPlatforms) = postSolution
		{D6412EEE-7E22-4422-8053-A85FCB07675C}.Debug|Any CPU.ActiveCfg = Debug|Any CPU
		{D6412EEE-7E22-4422-8053-A85FCB07675C}.Debug|Any CPU.Build.0 = Debug|Any CPU
		{D6412EEE-7E22-4422-8053-A85FCB07675C}.Release|Any CPU.ActiveCfg = Release|Any CPU
		{D6412EEE-7E22-4422-8053-A85FCB07675C}.Release|Any CPU.Build.0 = Release|Any CPU
		{CF3E5266-F375-457F-8AEE-D5513E9BA250}.Debug|Any CPU.ActiveCfg = Debug|Any CPU
		{CF3E5266-F375-457F-8AEE-D5513E9BA250}.Debug|Any CPU.Build.0 = Debug|Any CPU
		{CF3E5266-F375-457F-8AEE-D5513E9BA250}.Release|Any CPU.ActiveCfg = Release|Any CPU
		{CF3E5266-F375-457F-8AEE-D5513E9BA250}.Release|Any CPU.Build.0 = Release|Any CPU
	EndGlobalSection
	GlobalSection(SolutionProperties) = preSolution
		HideSolutionNode = FALSE
	EndGlobalSection
	GlobalSection(ExtensibilityGlobals) = postSolution
		SolutionGuid = {3988F6D8-61CA-401E-A7E5-463899549F1F}
	EndGlobalSection
EndGlobal
